
Microsoft Visual Studio Solution File, Format Version 12.00
# Visual Studio 2012
Project("{F184B08F-C81C-45F6-A57F-5ABD9991F28F}") = "MixAhead", "MixAhead\MixAhead.vbproj", "{1D955658-E935-4BFE-837C-DBDDBE37C5B1}"
EndProject
Project("{FAE04EC0-301F-11D3-BF4B-00C04F79EFBC}") = "MemoryScanner", "MemoryScanner\MemoryScanner.csproj", "{B8AF23D8-6E3F-4137-9673-EFCB5ED37711}"
EndProject
Global
	GlobalSection(SolutionConfigurationPlatforms) = preSolution
		Debug|Any CPU = Debug|Any CPU
		Debug|Mixed Platforms = Debug|Mixed Platforms
		Debug|Win32 = Debug|Win32
		Debug|x64 = Debug|x64
		Release|Any CPU = Release|Any CPU
		Release|Mixed Platforms = Release|Mixed Platforms
		Release|Win32 = Release|Win32
		Release|x64 = Release|x64
	EndGlobalSection
	GlobalSection(ProjectConfigurationPlatforms) = postSolution
		{1D955658-E935-4BFE-837C-DBDDBE37C5B1}.Debug|Any CPU.ActiveCfg = Debug|x64
		{1D955658-E935-4BFE-837C-DBDDBE37C5B1}.Debug|Any CPU.Build.0 = Debug|x64
		{1D955658-E935-4BFE-837C-DBDDBE37C5B1}.Debug|Mixed Platforms.ActiveCfg = Debug|Any CPU
		{1D955658-E935-4BFE-837C-DBDDBE37C5B1}.Debug|Mixed Platforms.Build.0 = Debug|Any CPU
		{1D955658-E935-4BFE-837C-DBDDBE37C5B1}.Debug|Win32.ActiveCfg = Debug|Any CPU
		{1D955658-E935-4BFE-837C-DBDDBE37C5B1}.Debug|x64.ActiveCfg = Debug|Any CPU
		{1D955658-E935-4BFE-837C-DBDDBE37C5B1}.Debug|x64.Build.0 = Debug|Any CPU
		{1D955658-E935-4BFE-837C-DBDDBE37C5B1}.Release|Any CPU.ActiveCfg = Release|Any CPU
		{1D955658-E935-4BFE-837C-DBDDBE37C5B1}.Release|Any CPU.Build.0 = Release|Any CPU
		{1D955658-E935-4BFE-837C-DBDDBE37C5B1}.Release|Mixed Platforms.ActiveCfg = Release|Any CPU
		{1D955658-E935-4BFE-837C-DBDDBE37C5B1}.Release|Mixed Platforms.Build.0 = Release|Any CPU
		{1D955658-E935-4BFE-837C-DBDDBE37C5B1}.Release|Win32.ActiveCfg = Release|Any CPU
		{1D955658-E935-4BFE-837C-DBDDBE37C5B1}.Release|x64.ActiveCfg = Release|x64
		{1D955658-E935-4BFE-837C-DBDDBE37C5B1}.Release|x64.Build.0 = Release|x64
		{B8AF23D8-6E3F-4137-9673-EFCB5ED37711}.Debug|Any CPU.ActiveCfg = Debug|Any CPU
		{B8AF23D8-6E3F-4137-9673-EFCB5ED37711}.Debug|Any CPU.Build.0 = Debug|Any CPU
		{B8AF23D8-6E3F-4137-9673-EFCB5ED37711}.Debug|Mixed Platforms.ActiveCfg = Debug|Any CPU
		{B8AF23D8-6E3F-4137-9673-EFCB5ED37711}.Debug|Mixed Platforms.Build.0 = Debug|Any CPU
		{B8AF23D8-6E3F-4137-9673-EFCB5ED37711}.Debug|Win32.ActiveCfg = Debug|Any CPU
		{B8AF23D8-6E3F-4137-9673-EFCB5ED37711}.Debug|x64.ActiveCfg = Debug|Any CPU
		{B8AF23D8-6E3F-4137-9673-EFCB5ED37711}.Release|Any CPU.ActiveCfg = Release|Any CPU
		{B8AF23D8-6E3F-4137-9673-EFCB5ED37711}.Release|Any CPU.Build.0 = Release|Any CPU
		{B8AF23D8-6E3F-4137-9673-EFCB5ED37711}.Release|Mixed Platforms.ActiveCfg = Release|Any CPU
		{B8AF23D8-6E3F-4137-9673-EFCB5ED37711}.Release|Mixed Platforms.Build.0 = Release|Any CPU
		{B8AF23D8-6E3F-4137-9673-EFCB5ED37711}.Release|Win32.ActiveCfg = Release|Any CPU
		{B8AF23D8-6E3F-4137-9673-EFCB5ED37711}.Release|x64.ActiveCfg = Release|Any CPU
	EndGlobalSection
	GlobalSection(SolutionProperties) = preSolution
		HideSolutionNode = FALSE
	EndGlobalSection
EndGlobal
